
Microsoft Visual Studio Solution File, Format Version 10.00
# Visual Studio 2008
Project("{8BC9CEB8-8B4A-11D0-8D11-00A0C91BC942}") = "WQSG_lib", "WQSG_lib.vcproj", "{1990AB29-EB89-4C2A-A594-A339A5B62665}"
EndProject
Project("{8BC9CEB8-8B4A-11D0-8D11-00A0C91BC942}") = "WQSG_NET_lib", "WQSG_NET_lib.vcproj", "{BC87F831-263F-4073-B659-9F62D651CBE5}"
EndProject
Global
	GlobalSection(SolutionConfigurationPlatforms) = preSolution
		MDD|Win32 = MDD|Win32
		MDD|x64 = MDD|x64
		MDR|Win32 = MDR|Win32
		MDR|x64 = MDR|x64
		MTD|Win32 = MTD|Win32
		MTD|x64 = MTD|x64
		MTR|Win32 = MTR|Win32
		MTR|x64 = MTR|x64
		TEST_Debug|Win32 = TEST_Debug|Win32
		TEST_Debug|x64 = TEST_Debug|x64
	EndGlobalSection
	GlobalSection(ProjectConfigurationPlatforms) = postSolution
		{1990AB29-EB89-4C2A-A594-A339A5B62665}.MDD|Win32.ActiveCfg = MDD|Win32
		{1990AB29-EB89-4C2A-A594-A339A5B62665}.MDD|Win32.Build.0 = MDD|Win32
		{1990AB29-EB89-4C2A-A594-A339A5B62665}.MDD|x64.ActiveCfg = MDD|x64
		{1990AB29-EB89-4C2A-A594-A339A5B62665}.MDD|x64.Build.0 = MDD|x64
		{1990AB29-EB89-4C2A-A594-A339A5B62665}.MDR|Win32.ActiveCfg = MDR|Win32
		{1990AB29-EB89-4C2A-A594-A339A5B62665}.MDR|Win32.Build.0 = MDR|Win32
		{1990AB29-EB89-4C2A-A594-A339A5B62665}.MDR|x64.ActiveCfg = MDR|x64
		{1990AB29-EB89-4C2A-A594-A339A5B62665}.MDR|x64.Build.0 = MDR|x64
		{1990AB29-EB89-4C2A-A594-A339A5B62665}.MTD|Win32.ActiveCfg = MTD|Win32
		{1990AB29-EB89-4C2A-A594-A339A5B62665}.MTD|Win32.Build.0 = MTD|Win32
		{1990AB29-EB89-4C2A-A594-A339A5B62665}.MTD|x64.ActiveCfg = MTD|x64
		{1990AB29-EB89-4C2A-A594-A339A5B62665}.MTD|x64.Build.0 = MTD|x64
		{1990AB29-EB89-4C2A-A594-A339A5B62665}.MTR|Win32.ActiveCfg = MTR|Win32
		{1990AB29-EB89-4C2A-A594-A339A5B62665}.MTR|Win32.Build.0 = MTR|Win32
		{1990AB29-EB89-4C2A-A594-A339A5B62665}.MTR|x64.ActiveCfg = MTR|x64
		{1990AB29-EB89-4C2A-A594-A339A5B62665}.MTR|x64.Build.0 = MTR|x64
		{1990AB29-EB89-4C2A-A594-A339A5B62665}.TEST_Debug|Win32.ActiveCfg = TEST_Debug|Win32
		{1990AB29-EB89-4C2A-A594-A339A5B62665}.TEST_Debug|Win32.Build.0 = TEST_Debug|Win32
		{1990AB29-EB89-4C2A-A594-A339A5B62665}.TEST_Debug|x64.ActiveCfg = TEST_Debug|x64
		{1990AB29-EB89-4C2A-A594-A339A5B62665}.TEST_Debug|x64.Build.0 = TEST_Debug|x64
		{BC87F831-263F-4073-B659-9F62D651CBE5}.MDD|Win32.ActiveCfg = Debug_MD|Win32
		{BC87F831-263F-4073-B659-9F62D651CBE5}.MDD|Win32.Build.0 = Debug_MD|Win32
		{BC87F831-263F-4073-B659-9F62D651CBE5}.MDD|x64.ActiveCfg = TEST_Debug|Win32
		{BC87F831-263F-4073-B659-9F62D651CBE5}.MDR|Win32.ActiveCfg = Release_MD|Win32
		{BC87F831-263F-4073-B659-9F62D651CBE5}.MDR|Win32.Build.0 = Release_MD|Win32
		{BC87F831-263F-4073-B659-9F62D651CBE5}.MDR|x64.ActiveCfg = TEST_Debug|Win32
		{BC87F831-263F-4073-B659-9F62D651CBE5}.MTD|Win32.ActiveCfg = Debug_MT|Win32
		{BC87F831-263F-4073-B659-9F62D651CBE5}.MTD|Win32.Build.0 = Debug_MT|Win32
		{BC87F831-263F-4073-B659-9F62D651CBE5}.MTD|x64.ActiveCfg = TEST_Debug|Win32
		{BC87F831-263F-4073-B659-9F62D651CBE5}.MTR|Win32.ActiveCfg = Release_MT|Win32
		{BC87F831-263F-4073-B659-9F62D651CBE5}.MTR|Win32.Build.0 = Release_MT|Win32
		{BC87F831-263F-4073-B659-9F62D651CBE5}.MTR|x64.ActiveCfg = TEST_Debug|Win32
		{BC87F831-263F-4073-B659-9F62D651CBE5}.TEST_Debug|Win32.ActiveCfg = TEST_Debug|Win32
		{BC87F831-263F-4073-B659-9F62D651CBE5}.TEST_Debug|Win32.Build.0 = TEST_Debug|Win32
		{BC87F831-263F-4073-B659-9F62D651CBE5}.TEST_Debug|x64.ActiveCfg = TEST_Debug|Win32
	EndGlobalSection
	GlobalSection(SolutionProperties) = preSolution
		HideSolutionNode = FALSE
	EndGlobalSection
EndGlobal
